
Microsoft Visual Studio Solution File, Format Version 12.00
# Visual Studio Version 17
VisualStudioVersion = 17.10.34916.146
MinimumVisualStudioVersion = 10.0.40219.1
Project("{FAE04EC0-301F-11D3-BF4B-00C04F79EFBC}") = "Movie", "Movie\Movie.csproj", "{9431178D-7EBD-49AA-9E9E-673AD157C55A}"
EndProject
Global
	GlobalSection(SolutionConfigurationPlatforms) = preSolution
		Debug|Any CPU = Debug|Any CPU
		Release|Any CPU = Release|Any CPU
	EndGlobalSection
	GlobalSection(ProjectConfigurationPlatforms) = postSolution
		{9431178D-7EBD-49AA-9E9E-673AD157C55A}.Debug|Any CPU.ActiveCfg = Debug|Any CPU
		{9431178D-7EBD-49AA-9E9E-673AD157C55A}.Debug|Any CPU.Build.0 = Debug|Any CPU
		{9431178D-7EBD-49AA-9E9E-673AD157C55A}.Release|Any CPU.ActiveCfg = Release|Any CPU
		{9431178D-7EBD-49AA-9E9E-673AD157C55A}.Release|Any CPU.Build.0 = Release|Any CPU
	EndGlobalSection
	GlobalSection(SolutionProperties) = preSolution
		HideSolutionNode = FALSE
	EndGlobalSection
	GlobalSection(ExtensibilityGlobals) = postSolution
		SolutionGuid = {F54BAA85-059E-4B8E-A85E-740896666B7C}
	EndGlobalSection
EndGlobal
